// !$*UTF8*$!
{
	archiveVersion = 1;
	classes = {
	};
	objectVersion = 50;
	objects = {

/* Begin PBXBuildFile section */
		F27E007824ADDE3A0066D3CA /* AppDelegate.swift in Sources */ = {isa = PBXBuildFile; fileRef = F27E007724ADDE3A0066D3CA /* AppDelegate.swift */; };
		F27E007A24ADDE3A0066D3CA /* SceneDelegate.swift in Sources */ = {isa = PBXBuildFile; fileRef = F27E007924ADDE3A0066D3CA /* SceneDelegate.swift */; };
		F27E007C24ADDE3A0066D3CA /* ViewController.swift in Sources */ = {isa = PBXBuildFile; fileRef = F27E007B24ADDE3A0066D3CA /* ViewController.swift */; };
		F27E007F24ADDE3A0066D3CA /* Main.storyboard in Resources */ = {isa = PBXBuildFile; fileRef = F27E007D24ADDE3A0066D3CA /* Main.storyboard */; };
		F27E008224ADDE3A0066D3CA /* Articles_Demo_Vanita.xcdatamodeld in Sources */ = {isa = PBXBuildFile; fileRef = F27E008024ADDE3A0066D3CA /* Articles_Demo_Vanita.xcdatamodeld */; };
		F27E008424ADDE3C0066D3CA /* Assets.xcassets in Resources */ = {isa = PBXBuildFile; fileRef = F27E008324ADDE3C0066D3CA /* Assets.xcassets */; };
		F27E008724ADDE3C0066D3CA /* LaunchScreen.storyboard in Resources */ = {isa = PBXBuildFile; fileRef = F27E008524ADDE3C0066D3CA /* LaunchScreen.storyboard */; };
		F27E009224ADDE3C0066D3CA /* Articles_Demo_VanitaTests.swift in Sources */ = {isa = PBXBuildFile; fileRef = F27E009124ADDE3C0066D3CA /* Articles_Demo_VanitaTests.swift */; };
		F27E009D24ADDE3C0066D3CA /* Articles_Demo_VanitaUITests.swift in Sources */ = {isa = PBXBuildFile; fileRef = F27E009C24ADDE3C0066D3CA /* Articles_Demo_VanitaUITests.swift */; };
/* End PBXBuildFile section */

/* Begin PBXContainerItemProxy section */
		F27E008E24ADDE3C0066D3CA /* PBXContainerItemProxy */ = {
			isa = PBXContainerItemProxy;
			containerPortal = F27E006C24ADDE3A0066D3CA /* Project object */;
			proxyType = 1;
			remoteGlobalIDString = F27E007324ADDE3A0066D3CA;
			remoteInfo = Articles_Demo_Vanita;
		};
		F27E009924ADDE3C0066D3CA /* PBXContainerItemProxy */ = {
			isa = PBXContainerItemProxy;
			containerPortal = F27E006C24ADDE3A0066D3CA /* Project object */;
			proxyType = 1;
			remoteGlobalIDString = F27E007324ADDE3A0066D3CA;
			remoteInfo = Articles_Demo_Vanita;
		};
/* End PBXContainerItemProxy section */

/* Begin PBXFileReference section */
		F27E007424ADDE3A0066D3CA /* Articles_Demo_Vanita.app */ = {isa = PBXFileReference; explicitFileType = wrapper.application; includeInIndex = 0; path = Articles_Demo_Vanita.app; sourceTree = BUILT_PRODUCTS_DIR; };
		F27E007724ADDE3A0066D3CA /* AppDelegate.swift */ = {isa = PBXFileReference; lastKnownFileType = sourcecode.swift; path = AppDelegate.swift; sourceTree = "<group>"; };
		F27E007924ADDE3A0066D3CA /* SceneDelegate.swift */ = {isa = PBXFileReference; lastKnownFileType = sourcecode.swift; path = SceneDelegate.swift; sourceTree = "<group>"; };
		F27E007B24ADDE3A0066D3CA /* ViewController.swift */ = {isa = PBXFileReference; lastKnownFileType = sourcecode.swift; path = ViewController.swift; sourceTree = "<group>"; };
		F27E007E24ADDE3A0066D3CA /* Base */ = {isa = PBXFileReference; lastKnownFileType = file.storyboard; name = Base; path = Base.lproj/Main.storyboard; sourceTree = "<group>"; };
		F27E008124ADDE3A0066D3CA /* Articles_Demo_Vanita.xcdatamodel */ = {isa = PBXFileReference; lastKnownFileType = wrapper.xcdatamodel; path = Articles_Demo_Vanita.xcdatamodel; sourceTree = "<group>"; };
		F27E008324ADDE3C0066D3CA /* Assets.xcassets */ = {isa = PBXFileReference; lastKnownFileType = folder.assetcatalog; path = Assets.xcassets; sourceTree = "<group>"; };
		F27E008624ADDE3C0066D3CA /* Base */ = {isa = PBXFileReference; lastKnownFileType = file.storyboard; name = Base; path = Base.lproj/LaunchScreen.storyboard; sourceTree = "<group>"; };
		F27E008824ADDE3C0066D3CA /* Info.plist */ = {isa = PBXFileReference; lastKnownFileType = text.plist.xml; path = Info.plist; sourceTree = "<group>"; };
		F27E008D24ADDE3C0066D3CA /* Articles_Demo_VanitaTests.xctest */ = {isa = PBXFileReference; explicitFileType = wrapper.cfbundle; includeInIndex = 0; path = Articles_Demo_VanitaTests.xctest; sourceTree = BUILT_PRODUCTS_DIR; };
		F27E009124ADDE3C0066D3CA /* Articles_Demo_VanitaTests.swift */ = {isa = PBXFileReference; lastKnownFileType = sourcecode.swift; path = Articles_Demo_VanitaTests.swift; sourceTree = "<group>"; };
		F27E009324ADDE3C0066D3CA /* Info.plist */ = {isa = PBXFileReference; lastKnownFileType = text.plist.xml; path = Info.plist; sourceTree = "<group>"; };
		F27E009824ADDE3C0066D3CA /* Articles_Demo_VanitaUITests.xctest */ = {isa = PBXFileReference; explicitFileType = wrapper.cfbundle; includeInIndex = 0; path = Articles_Demo_VanitaUITests.xctest; sourceTree = BUILT_PRODUCTS_DIR; };
		F27E009C24ADDE3C0066D3CA /* Articles_Demo_VanitaUITests.swift */ = {isa = PBXFileReference; lastKnownFileType = sourcecode.swift; path = Articles_Demo_VanitaUITests.swift; sourceTree = "<group>"; };
		F27E009E24ADDE3C0066D3CA /* Info.plist */ = {isa = PBXFileReference; lastKnownFileType = text.plist.xml; path = Info.plist; sourceTree = "<group>"; };
/* End PBXFileReference section */

/* Begin PBXFrameworksBuildPhase section */
		F27E007124ADDE3A0066D3CA /* Frameworks */ = {
			isa = PBXFrameworksBuildPhase;
			buildActionMask = 2147483647;
			files = (
			);
			runOnlyForDeploymentPostprocessing = 0;
		};
		F27E008A24ADDE3C0066D3CA /* Frameworks */ = {
			isa = PBXFrameworksBuildPhase;
			buildActionMask = 2147483647;
			files = (
			);
			runOnlyForDeploymentPostprocessing = 0;
		};
		F27E009524ADDE3C0066D3CA /* Frameworks */ = {
			isa = PBXFrameworksBuildPhase;
			buildActionMask = 2147483647;
			files = (
			);
			runOnlyForDeploymentPostprocessing = 0;
		};
/* End PBXFrameworksBuildPhase section */

/* Begin PBXGroup section */
		F27E006B24ADDE3A0066D3CA = {
			isa = PBXGroup;
			children = (
				F27E007624ADDE3A0066D3CA /* Articles_Demo_Vanita */,
				F27E009024ADDE3C0066D3CA /* Articles_Demo_VanitaTests */,
				F27E009B24ADDE3C0066D3CA /* Articles_Demo_VanitaUITests */,
				F27E007524ADDE3A0066D3CA /* Products */,
			);
			sourceTree = "<group>";
		};
		F27E007524ADDE3A0066D3CA /* Products */ = {
			isa = PBXGroup;
			children = (
				F27E007424ADDE3A0066D3CA /* Articles_Demo_Vanita.app */,
				F27E008D24ADDE3C0066D3CA /* Articles_Demo_VanitaTests.xctest */,
				F27E009824ADDE3C0066D3CA /* Articles_Demo_VanitaUITests.xctest */,
			);
			name = Products;
			sourceTree = "<group>";
		};
		F27E007624ADDE3A0066D3CA /* Articles_Demo_Vanita */ = {
			isa = PBXGroup;
			children = (
				F27E007724ADDE3A0066D3CA /* AppDelegate.swift */,
				F27E007924ADDE3A0066D3CA /* SceneDelegate.swift */,
				F27E007B24ADDE3A0066D3CA /* ViewController.swift */,
				F27E007D24ADDE3A0066D3CA /* Main.storyboard */,
				F27E008324ADDE3C0066D3CA /* Assets.xcassets */,
				F27E008524ADDE3C0066D3CA /* LaunchScreen.storyboard */,
				F27E008824ADDE3C0066D3CA /* Info.plist */,
				F27E008024ADDE3A0066D3CA /* Articles_Demo_Vanita.xcdatamodeld */,
			);
			path = Articles_Demo_Vanita;
			sourceTree = "<group>";
		};
		F27E009024ADDE3C0066D3CA /* Articles_Demo_VanitaTests */ = {
			isa = PBXGroup;
			children = (
				F27E009124ADDE3C0066D3CA /* Articles_Demo_VanitaTests.swift */,
				F27E009324ADDE3C0066D3CA /* Info.plist */,
			);
			path = Articles_Demo_VanitaTests;
			sourceTree = "<group>";
		};
		F27E009B24ADDE3C0066D3CA /* Articles_Demo_VanitaUITests */ = {
			isa = PBXGroup;
			children = (
				F27E009C24ADDE3C0066D3CA /* Articles_Demo_VanitaUITests.swift */,
				F27E009E24ADDE3C0066D3CA /* Info.plist */,
			);
			path = Articles_Demo_VanitaUITests;
			sourceTree = "<group>";
		};
/* End PBXGroup section */

/* Begin PBXNativeTarget section */
		F27E007324ADDE3A0066D3CA /* Articles_Demo_Vanita */ = {
			isa = PBXNativeTarget;
			buildConfigurationList = F27E00A124ADDE3C0066D3CA /* Build configuration list for PBXNativeTarget "Articles_Demo_Vanita" */;
			buildPhases = (
				F27E007024ADDE3A0066D3CA /* Sources */,
				F27E007124ADDE3A0066D3CA /* Frameworks */,
				F27E007224ADDE3A0066D3CA /* Resources */,
			);
			buildRules = (
			);
			dependencies = (
			);
			name = Articles_Demo_Vanita;
			productName = Articles_Demo_Vanita;
			productReference = F27E007424ADDE3A0066D3CA /* Articles_Demo_Vanita.app */;
			productType = "com.apple.product-type.application";
		};
		F27E008C24ADDE3C0066D3CA /* Articles_Demo_VanitaTests */ = {
			isa = PBXNativeTarget;
			buildConfigurationList = F27E00A424ADDE3C0066D3CA /* Build configuration list for PBXNativeTarget "Articles_Demo_VanitaTests" */;
			buildPhases = (
				F27E008924ADDE3C0066D3CA /* Sources */,
				F27E008A24ADDE3C0066D3CA /* Frameworks */,
				F27E008B24ADDE3C0066D3CA /* Resources */,
			);
			buildRules = (
			);
			dependencies = (
				F27E008F24ADDE3C0066D3CA /* PBXTargetDependency */,
			);
			name = Articles_Demo_VanitaTests;
			productName = Articles_Demo_VanitaTests;
			productReference = F27E008D24ADDE3C0066D3CA /* Articles_Demo_VanitaTests.xctest */;
			productType = "com.apple.product-type.bundle.unit-test";
		};
		F27E009724ADDE3C0066D3CA /* Articles_Demo_VanitaUITests */ = {
			isa = PBXNativeTarget;
			buildConfigurationList = F27E00A724ADDE3C0066D3CA /* Build configuration list for PBXNativeTarget "Articles_Demo_VanitaUITests" */;
			buildPhases = (
				F27E009424ADDE3C0066D3CA /* Sources */,
				F27E009524ADDE3C0066D3CA /* Frameworks */,
				F27E009624ADDE3C0066D3CA /* Resources */,
			);
			buildRules = (
			);
			dependencies = (
				F27E009A24ADDE3C0066D3CA /* PBXTargetDependency */,
			);
			name = Articles_Demo_VanitaUITests;
			productName = Articles_Demo_VanitaUITests;
			productReference = F27E009824ADDE3C0066D3CA /* Articles_Demo_VanitaUITests.xctest */;
			productType = "com.apple.product-type.bundle.ui-testing";
		};
/* End PBXNativeTarget section */

/* Begin PBXProject section */
		F27E006C24ADDE3A0066D3CA /* Project object */ = {
			isa = PBXProject;
			attributes = {
				LastSwiftUpdateCheck = 1150;
				LastUpgradeCheck = 1150;
				ORGANIZATIONNAME = "Vanita Ladkat";
				TargetAttributes = {
					F27E007324ADDE3A0066D3CA = {
						CreatedOnToolsVersion = 11.5;
					};
					F27E008C24ADDE3C0066D3CA = {
						CreatedOnToolsVersion = 11.5;
						TestTargetID = F27E007324ADDE3A0066D3CA;
					};
					F27E009724ADDE3C0066D3CA = {
						CreatedOnToolsVersion = 11.5;
						TestTargetID = F27E007324ADDE3A0066D3CA;
					};
				};
			};
			buildConfigurationList = F27E006F24ADDE3A0066D3CA /* Build configuration list for PBXProject "Articles_Demo_Vanita" */;
			compatibilityVersion = "Xcode 9.3";
			developmentRegion = en;
			hasScannedForEncodings = 0;
			knownRegions = (
				en,
				Base,
			);
			mainGroup = F27E006B24ADDE3A0066D3CA;
			productRefGroup = F27E007524ADDE3A0066D3CA /* Products */;
			projectDirPath = "";
			projectRoot = "";
			targets = (
				F27E007324ADDE3A0066D3CA /* Articles_Demo_Vanita */,
				F27E008C24ADDE3C0066D3CA /* Articles_Demo_VanitaTests */,
				F27E009724ADDE3C0066D3CA /* Articles_Demo_VanitaUITests */,
			);
		};
/* End PBXProject section */

/* Begin PBXResourcesBuildPhase section */
		F27E007224ADDE3A0066D3CA /* Resources */ = {
			isa = PBXResourcesBuildPhase;
			buildActionMask = 2147483647;
			files = (
				F27E008724ADDE3C0066D3CA /* LaunchScreen.storyboard in Resources */,
				F27E008424ADDE3C0066D3CA /* Assets.xcassets in Resources */,
				F27E007F24ADDE3A0066D3CA /* Main.storyboard in Resources */,
			);
			runOnlyForDeploymentPostprocessing = 0;
		};
		F27E008B24ADDE3C0066D3CA /* Resources */ = {
			isa = PBXResourcesBuildPhase;
			buildActionMask = 2147483647;
			files = (
			);
			runOnlyForDeploymentPostprocessing = 0;
		};
		F27E009624ADDE3C0066D3CA /* Resources */ = {
			isa = PBXResourcesBuildPhase;
			buildActionMask = 2147483647;
			files = (
			);
			runOnlyForDeploymentPostprocessing = 0;
		};
/* End PBXResourcesBuildPhase section */

/* Begin PBXSourcesBuildPhase section */
		F27E007024ADDE3A0066D3CA /* Sources */ = {
			isa = PBXSourcesBuildPhase;
			buildActionMask = 2147483647;
			files = (
				F27E007C24ADDE3A0066D3CA /* ViewController.swift in Sources */,
				F27E007824ADDE3A0066D3CA /* AppDelegate.swift in Sources */,
				F27E008224ADDE3A0066D3CA /* Articles_Demo_Vanita.xcdatamodeld in Sources */,
				F27E007A24ADDE3A0066D3CA /* SceneDelegate.swift in Sources */,
			);
			runOnlyForDeploymentPostprocessing = 0;
		};
		F27E008924ADDE3C0066D3CA /* Sources */ = {
			isa = PBXSourcesBuildPhase;
			buildActionMask = 2147483647;
			files = (
				F27E009224ADDE3C0066D3CA /* Articles_Demo_VanitaTests.swift in Sources */,
			);
			runOnlyForDeploymentPostprocessing = 0;
		};
		F27E009424ADDE3C0066D3CA /* Sources */ = {
			isa = PBXSourcesBuildPhase;
			buildActionMask = 2147483647;
			files = (
				F27E009D24ADDE3C0066D3CA /* Articles_Demo_VanitaUITests.swift in Sources */,
			);
			runOnlyForDeploymentPostprocessing = 0;
		};
/* End PBXSourcesBuildPhase section */

/* Begin PBXTargetDependency section */
		F27E008F24ADDE3C0066D3CA /* PBXTargetDependency */ = {
			isa = PBXTargetDependency;
			target = F27E007324ADDE3A0066D3CA /* Articles_Demo_Vanita */;
			targetProxy = F27E008E24ADDE3C0066D3CA /* PBXContainerItemProxy */;
		};
		F27E009A24ADDE3C0066D3CA /* PBXTargetDependency */ = {
			isa = PBXTargetDependency;
			target = F27E007324ADDE3A0066D3CA /* Articles_Demo_Vanita */;
			targetProxy = F27E009924ADDE3C0066D3CA /* PBXContainerItemProxy */;
		};
/* End PBXTargetDependency section */

/* Begin PBXVariantGroup section */
		F27E007D24ADDE3A0066D3CA /* Main.storyboard */ = {
			isa = PBXVariantGroup;
			children = (
				F27E007E24ADDE3A0066D3CA /* Base */,
			);
			name = Main.storyboard;
			sourceTree = "<group>";
		};
		F27E008524ADDE3C0066D3CA /* LaunchScreen.storyboard */ = {
			isa = PBXVariantGroup;
			children = (
				F27E008624ADDE3C0066D3CA /* Base */,
			);
			name = LaunchScreen.storyboard;
			sourceTree = "<group>";
		};
/* End PBXVariantGroup section */

/* Begin XCBuildConfiguration section */
		F27E009F24ADDE3C0066D3CA /* Debug */ = {
			isa = XCBuildConfiguration;
			buildSettings = {
				ALWAYS_SEARCH_USER_PATHS = NO;
				CLANG_ANALYZER_NONNULL = YES;
				CLANG_ANALYZER_NUMBER_OBJECT_CONVERSION = YES_AGGRESSIVE;
				CLANG_CXX_LANGUAGE_STANDARD = "gnu++14";
				CLANG_CXX_LIBRARY = "libc++";
				CLANG_ENABLE_MODULES = YES;
				CLANG_ENABLE_OBJC_ARC = YES;
				CLANG_ENABLE_OBJC_WEAK = YES;
				CLANG_WARN_BLOCK_CAPTURE_AUTORELEASING = YES;
				CLANG_WARN_BOOL_CONVERSION = YES;
				CLANG_WARN_COMMA = YES;
				CLANG_WARN_CONSTANT_CONVERSION = YES;
				CLANG_WARN_DEPRECATED_OBJC_IMPLEMENTATIONS = YES;
				CLANG_WARN_DIRECT_OBJC_ISA_USAGE = YES_ERROR;
				CLANG_WARN_DOCUMENTATION_COMMENTS = YES;
				CLANG_WARN_EMPTY_BODY = YES;
				CLANG_WARN_ENUM_CONVERSION = YES;
				CLANG_WARN_INFINITE_RECURSION = YES;
				CLANG_WARN_INT_CONVERSION = YES;
				CLANG_WARN_NON_LITERAL_NULL_CONVERSION = YES;
				CLANG_WARN_OBJC_IMPLICIT_RETAIN_SELF = YES;
				CLANG_WARN_OBJC_LITERAL_CONVERSION = YES;
				CLANG_WARN_OBJC_ROOT_CLASS = YES_ERROR;
				CLANG_WARN_RANGE_LOOP_ANALYSIS = YES;
				CLANG_WARN_STRICT_PROTOTYPES = YES;
				CLANG_WARN_SUSPICIOUS_MOVE = YES;
				CLANG_WARN_UNGUARDED_AVAILABILITY = YES_AGGRESSIVE;
				CLANG_WARN_UNREACHABLE_CODE = YES;
				CLANG_WARN__DUPLICATE_METHOD_MATCH = YES;
				COPY_PHASE_STRIP = NO;
				DEBUG_INFORMATION_FORMAT = dwarf;
				ENABLE_STRICT_OBJC_MSGSEND = YES;
				ENABLE_TESTABILITY = YES;
				GCC_C_LANGUAGE_STANDARD = gnu11;
				GCC_DYNAMIC_NO_PIC = NO;
				GCC_NO_COMMON_BLOCKS = YES;
				GCC_OPTIMIZATION_LEVEL = 0;
				GCC_PREPROCESSOR_DEFINITIONS = (
					"DEBUG=1",
					"$(inherited)",
				);
				GCC_WARN_64_TO_32_BIT_CONVERSION = YES;
				GCC_WARN_ABOUT_RETURN_TYPE = YES_ERROR;
				GCC_WARN_UNDECLARED_SELECTOR = YES;
				GCC_WARN_UNINITIALIZED_AUTOS = YES_AGGRESSIVE;
				GCC_WARN_UNUSED_FUNCTION = YES;
				GCC_WARN_UNUSED_VARIABLE = YES;
				IPHONEOS_DEPLOYMENT_TARGET = 13.5;
				MTL_ENABLE_DEBUG_INFO = INCLUDE_SOURCE;
				MTL_FAST_MATH = YES;
				ONLY_ACTIVE_ARCH = YES;
				SDKROOT = iphoneos;
				SWIFT_ACTIVE_COMPILATION_CONDITIONS = DEBUG;
				SWIFT_OPTIMIZATION_LEVEL = "-Onone";
			};
			name = Debug;
		};
		F27E00A024ADDE3C0066D3CA /* Release */ = {
			isa = XCBuildConfiguration;
			buildSettings = {
				ALWAYS_SEARCH_USER_PATHS = NO;
				CLANG_ANALYZER_NONNULL = YES;
				CLANG_ANALYZER_NUMBER_OBJECT_CONVERSION = YES_AGGRESSIVE;
				CLANG_CXX_LANGUAGE_STANDARD = "gnu++14";
				CLANG_CXX_LIBRARY = "libc++";
				CLANG_ENABLE_MODULES = YES;
				CLANG_ENABLE_OBJC_ARC = YES;
				CLANG_ENABLE_OBJC_WEAK = YES;
				CLANG_WARN_BLOCK_CAPTURE_AUTORELEASING = YES;
				CLANG_WARN_BOOL_CONVERSION = YES;
				CLANG_WARN_COMMA = YES;
				CLANG_WARN_CONSTANT_CONVERSION = YES;
				CLANG_WARN_DEPRECATED_OBJC_IMPLEMENTATIONS = YES;
				CLANG_WARN_DIRECT_OBJC_ISA_USAGE = YES_ERROR;
				CLANG_WARN_DOCUMENTATION_COMMENTS = YES;
				CLANG_WARN_EMPTY_BODY = YES;
				CLANG_WARN_ENUM_CONVERSION = YES;
				CLANG_WARN_INFINITE_RECURSION = YES;
				CLANG_WARN_INT_CONVERSION = YES;
				CLANG_WARN_NON_LITERAL_NULL_CONVERSION = YES;
				CLANG_WARN_OBJC_IMPLICIT_RETAIN_SELF = YES;
				CLANG_WARN_OBJC_LITERAL_CONVERSION = YES;
				CLANG_WARN_OBJC_ROOT_CLASS = YES_ERROR;
				CLANG_WARN_RANGE_LOOP_ANALYSIS = YES;
				CLANG_WARN_STRICT_PROTOTYPES = YES;
				CLANG_WARN_SUSPICIOUS_MOVE = YES;
				CLANG_WARN_UNGUARDED_AVAILABILITY = YES_AGGRESSIVE;
				CLANG_WARN_UNREACHABLE_CODE = YES;
				CLANG_WARN__DUPLICATE_METHOD_MATCH = YES;
				COPY_PHASE_STRIP = NO;
				DEBUG_INFORMATION_FORMAT = "dwarf-with-dsym";
				ENABLE_NS_ASSERTIONS = NO;
				ENABLE_STRICT_OBJC_MSGSEND = YES;
				GCC_C_LANGUAGE_STANDARD = gnu11;
				GCC_NO_COMMON_BLOCKS = YES;
				GCC_WARN_64_TO_32_BIT_CONVERSION = YES;
				GCC_WARN_ABOUT_RETURN_TYPE = YES_ERROR;
				GCC_WARN_UNDECLARED_SELECTOR = YES;
				GCC_WARN_UNINITIALIZED_AUTOS = YES_AGGRESSIVE;
				GCC_WARN_UNUSED_FUNCTION = YES;
				GCC_WARN_UNUSED_VARIABLE = YES;
				IPHONEOS_DEPLOYMENT_TARGET = 13.5;
				MTL_ENABLE_DEBUG_INFO = NO;
				MTL_FAST_MATH = YES;
				SDKROOT = iphoneos;
				SWIFT_COMPILATION_MODE = wholemodule;
				SWIFT_OPTIMIZATION_LEVEL = "-O";
				VALIDATE_PRODUCT = YES;
			};
			name = Release;
		};
		F27E00A224ADDE3C0066D3CA /* Debug */ = {
			isa = XCBuildConfiguration;
			buildSettings = {
				ASSETCATALOG_COMPILER_APPICON_NAME = AppIcon;
				CODE_SIGN_STYLE = Automatic;
				INFOPLIST_FILE = Articles_Demo_Vanita/Info.plist;
				LD_RUNPATH_SEARCH_PATHS = (
					"$(inherited)",
					"@executable_path/Frameworks",
				);
				PRODUCT_BUNDLE_IDENTIFIER = "com.vanita.Articles-Demo-Vanita";
				PRODUCT_NAME = "$(TARGET_NAME)";
				SWIFT_VERSION = 5.0;
				TARGETED_DEVICE_FAMILY = "1,2";
			};
			name = Debug;
		};
		F27E00A324ADDE3C0066D3CA /* Release */ = {
			isa = XCBuildConfiguration;
			buildSettings = {
				ASSETCATALOG_COMPILER_APPICON_NAME = AppIcon;
				CODE_SIGN_STYLE = Automatic;
				INFOPLIST_FILE = Articles_Demo_Vanita/Info.plist;
				LD_RUNPATH_SEARCH_PATHS = (
					"$(inherited)",
					"@executable_path/Frameworks",
				);
				PRODUCT_BUNDLE_IDENTIFIER = "com.vanita.Articles-Demo-Vanita";
				PRODUCT_NAME = "$(TARGET_NAME)";
				SWIFT_VERSION = 5.0;
				TARGETED_DEVICE_FAMILY = "1,2";
			};
			name = Release;
		};
		F27E00A524ADDE3C0066D3CA /* Debug */ = {
			isa = XCBuildConfiguration;
			buildSettings = {
				ALWAYS_EMBED_SWIFT_STANDARD_LIBRARIES = YES;
				BUNDLE_LOADER = "$(TEST_HOST)";
				CODE_SIGN_STYLE = Automatic;
				INFOPLIST_FILE = Articles_Demo_VanitaTests/Info.plist;
				IPHONEOS_DEPLOYMENT_TARGET = 13.5;
				LD_RUNPATH_SEARCH_PATHS = (
					"$(inherited)",
					"@executable_path/Frameworks",
					"@loader_path/Frameworks",
				);
				PRODUCT_BUNDLE_IDENTIFIER = "com.vanita.Articles-Demo-VanitaTests";
				PRODUCT_NAME = "$(TARGET_NAME)";
				SWIFT_VERSION = 5.0;
				TARGETED_DEVICE_FAMILY = "1,2";
				TEST_HOST = "$(BUILT_PRODUCTS_DIR)/Articles_Demo_Vanita.app/Articles_Demo_Vanita";
			};
			name = Debug;
		};
		F27E00A624ADDE3C0066D3CA /* Release */ = {
			isa = XCBuildConfiguration;
			buildSettings = {
				ALWAYS_EMBED_SWIFT_STANDARD_LIBRARIES = YES;
				BUNDLE_LOADER = "$(TEST_HOST)";
				CODE_SIGN_STYLE = Automatic;
				INFOPLIST_FILE = Articles_Demo_VanitaTests/Info.plist;
				IPHONEOS_DEPLOYMENT_TARGET = 13.5;
				LD_RUNPATH_SEARCH_PATHS = (
					"$(inherited)",
					"@executable_path/Frameworks",
					"@loader_path/Frameworks",
				);
				PRODUCT_BUNDLE_IDENTIFIER = "com.vanita.Articles-Demo-VanitaTests";
				PRODUCT_NAME = "$(TARGET_NAME)";
				SWIFT_VERSION = 5.0;
				TARGETED_DEVICE_FAMILY = "1,2";
				TEST_HOST = "$(BUILT_PRODUCTS_DIR)/Articles_Demo_Vanita.app/Articles_Demo_Vanita";
			};
			name = Release;
		};
		F27E00A824ADDE3C0066D3CA /* Debug */ = {
			isa = XCBuildConfiguration;
			buildSettings = {
				ALWAYS_EMBED_SWIFT_STANDARD_LIBRARIES = YES;
				CODE_SIGN_STYLE = Automatic;
				INFOPLIST_FILE = Articles_Demo_VanitaUITests/Info.plist;
				LD_RUNPATH_SEARCH_PATHS = (
					"$(inherited)",
					"@executable_path/Frameworks",
					"@loader_path/Frameworks",
				);
				PRODUCT_BUNDLE_IDENTIFIER = "com.vanita.Articles-Demo-VanitaUITests";
				PRODUCT_NAME = "$(TARGET_NAME)";
				SWIFT_VERSION = 5.0;
				TARGETED_DEVICE_FAMILY = "1,2";
				TEST_TARGET_NAME = Articles_Demo_Vanita;
			};
			name = Debug;
		};
		F27E00A924ADDE3C0066D3CA /* Release */ = {
			isa = XCBuildConfiguration;
			buildSettings = {
				ALWAYS_EMBED_SWIFT_STANDARD_LIBRARIES = YES;
				CODE_SIGN_STYLE = Automatic;
				INFOPLIST_FILE = Articles_Demo_VanitaUITests/Info.plist;
				LD_RUNPATH_SEARCH_PATHS = (
					"$(inherited)",
					"@executable_path/Frameworks",
					"@loader_path/Frameworks",
				);
				PRODUCT_BUNDLE_IDENTIFIER = "com.vanita.Articles-Demo-VanitaUITests";
				PRODUCT_NAME = "$(TARGET_NAME)";
				SWIFT_VERSION = 5.0;
				TARGETED_DEVICE_FAMILY = "1,2";
				TEST_TARGET_NAME = Articles_Demo_Vanita;
			};
			name = Release;
		};
/* End XCBuildConfiguration section */

/* Begin XCConfigurationList section */
		F27E006F24ADDE3A0066D3CA /* Build configuration list for PBXProject "Articles_Demo_Vanita" */ = {
			isa = XCConfigurationList;
			buildConfigurations = (
				F27E009F24ADDE3C0066D3CA /* Debug */,
				F27E00A024ADDE3C0066D3CA /* Release */,
			);
			defaultConfigurationIsVisible = 0;
			defaultConfigurationName = Release;
		};
		F27E00A124ADDE3C0066D3CA /* Build configuration list for PBXNativeTarget "Articles_Demo_Vanita" */ = {
			isa = XCConfigurationList;
			buildConfigurations = (
				F27E00A224ADDE3C0066D3CA /* Debug */,
				F27E00A324ADDE3C0066D3CA /* Release */,
			);
			defaultConfigurationIsVisible = 0;
			defaultConfigurationName = Release;
		};
		F27E00A424ADDE3C0066D3CA /* Build configuration list for PBXNativeTarget "Articles_Demo_VanitaTests" */ = {
			isa = XCConfigurationList;
			buildConfigurations = (
				F27E00A524ADDE3C0066D3CA /* Debug */,
				F27E00A624ADDE3C0066D3CA /* Release */,
			);
			defaultConfigurationIsVisible = 0;
			defaultConfigurationName = Release;
		};
		F27E00A724ADDE3C0066D3CA /* Build configuration list for PBXNativeTarget "Articles_Demo_VanitaUITests" */ = {
			isa = XCConfigurationList;
			buildConfigurations = (
				F27E00A824ADDE3C0066D3CA /* Debug */,
				F27E00A924ADDE3C0066D3CA /* Release */,
			);
			defaultConfigurationIsVisible = 0;
			defaultConfigurationName = Release;
		};
/* End XCConfigurationList section */

/* Begin XCVersionGroup section */
		F27E008024ADDE3A0066D3CA /* Articles_Demo_Vanita.xcdatamodeld */ = {
			isa = XCVersionGroup;
			children = (
				F27E008124ADDE3A0066D3CA /* Articles_Demo_Vanita.xcdatamodel */,
			);
			currentVersion = F27E008124ADDE3A0066D3CA /* Articles_Demo_Vanita.xcdatamodel */;
			path = Articles_Demo_Vanita.xcdatamodeld;
			sourceTree = "<group>";
			versionGroupType = wrapper.xcdatamodel;
		};
/* End XCVersionGroup section */
	};
	rootObject = F27E006C24ADDE3A0066D3CA /* Project object */;
}
